lockfileVersion: '9.0'

settings:
  autoInstallPeers: true
  excludeLinksFromLockfile: false

importers:

  .: {}

  apps/admin: {}

  apps/console: {}

  libs/ts/api_client: {}

  libs/ts/auth: {}

  libs/ts/charts: {}

  libs/ts/design_system: {}

  libs/ts/molecular_viewer: {}

  libs/ts/telemetry: {}

  sdk/typescript: {}
