# Copyright © 2026 Mindclade, LLC. All Rights Reserved.
# Mindclade Proprietary and Confidential.
# SPDX-License-Identifier: LicenseRef-Mindclade-Proprietary

---
apiVersion: mindclade.dev/v1
kind: RuntimeImageQualificationLock
metadata:
  name: mlflow-server-3.15.1-linux-amd64
spec:
  target: //services/mlflow:image
  platform: linux/amd64
  repositorySuffix: /mlflow-server
  imageDigest: sha256:da91d1acf3348629130521dcad2eecaad0e56ca9d901ab49c3324c6d563ca4c1
  mlflow:
    version: 3.15.1
    requirementsLock: services/mlflow/requirements.lock.txt
    requirementsDigest: sha256:d57d615664e9f82f0a9467bafbea38f06fac105eafc25ca7541debacd1d2f32a
  base:
    image: docker.io/library/python
    version: 3.12.12-slim-bookworm
    indexDigest: sha256:593bd06efe90efa80dc4eee3948be7c0fde4134606dd40d8dd8dbcade98e669c
    platforms:
      linux/amd64: sha256:2986c55feb36e6cae00fa1fefb454283e4b33f35e75ff8bdd123b134130be301
  qualifiedAt: "2026-08-22T09:46:41Z"
  qualification: //services/mlflow:validate_image
